
Microsoft Visual Studio Solution File, Format Version 12.00
Project("{FAE04EC0-301F-11D3-BF4B-00C04F79EFBC}") = "Acquisition", "Acquisition\Acquisition.csproj", "{A29939C4-100F-4E10-B904-D36EF46D41E8}"
EndProject
Project("{FAE04EC0-301F-11D3-BF4B-00C04F79EFBC}") = "Client", "Client\Client.csproj", "{8D83B208-8332-426E-90B5-826DCD392A91}"
EndProject
Project("{FAE04EC0-301F-11D3-BF4B-00C04F79EFBC}") = "Tests", "Tests\Tests.csproj", "{6E7331DA-AF98-46D3-8BA3-7DD60465C767}"
EndProject
Project("{FAE04EC0-301F-11D3-BF4B-00C04F79EFBC}") = "Analysis", "Analysis\Analysis.csproj", "{ADDED121-86FF-45F9-BB08-ABB4F05E9C2A}"
EndProject
Global
	GlobalSection(SolutionConfigurationPlatforms) = preSolution
		Debug|Any CPU = Debug|Any CPU
		Release|Any CPU = Release|Any CPU
	EndGlobalSection
	GlobalSection(ProjectConfigurationPlatforms) = postSolution
		{A29939C4-100F-4E10-B904-D36EF46D41E8}.Debug|Any CPU.ActiveCfg = Debug|Any CPU
		{A29939C4-100F-4E10-B904-D36EF46D41E8}.Debug|Any CPU.Build.0 = Debug|Any CPU
		{A29939C4-100F-4E10-B904-D36EF46D41E8}.Release|Any CPU.ActiveCfg = Release|Any CPU
		{A29939C4-100F-4E10-B904-D36EF46D41E8}.Release|Any CPU.Build.0 = Release|Any CPU
		{8D83B208-8332-426E-90B5-826DCD392A91}.Debug|Any CPU.ActiveCfg = Debug|Any CPU
		{8D83B208-8332-426E-90B5-826DCD392A91}.Debug|Any CPU.Build.0 = Debug|Any CPU
		{8D83B208-8332-426E-90B5-826DCD392A91}.Release|Any CPU.ActiveCfg = Release|Any CPU
		{8D83B208-8332-426E-90B5-826DCD392A91}.Release|Any CPU.Build.0 = Release|Any CPU
		{6E7331DA-AF98-46D3-8BA3-7DD60465C767}.Debug|Any CPU.ActiveCfg = Debug|Any CPU
		{6E7331DA-AF98-46D3-8BA3-7DD60465C767}.Debug|Any CPU.Build.0 = Debug|Any CPU
		{6E7331DA-AF98-46D3-8BA3-7DD60465C767}.Release|Any CPU.ActiveCfg = Release|Any CPU
		{6E7331DA-AF98-46D3-8BA3-7DD60465C767}.Release|Any CPU.Build.0 = Release|Any CPU
		{ADDED121-86FF-45F9-BB08-ABB4F05E9C2A}.Debug|Any CPU.ActiveCfg = Debug|Any CPU
		{ADDED121-86FF-45F9-BB08-ABB4F05E9C2A}.Debug|Any CPU.Build.0 = Debug|Any CPU
		{ADDED121-86FF-45F9-BB08-ABB4F05E9C2A}.Release|Any CPU.ActiveCfg = Release|Any CPU
		{ADDED121-86FF-45F9-BB08-ABB4F05E9C2A}.Release|Any CPU.Build.0 = Release|Any CPU
	EndGlobalSection
EndGlobal
